
Microsoft Visual Studio Solution File, Format Version 12.00
# Visual Studio Version 17
VisualStudioVersion = 17.5.33424.131
MinimumVisualStudioVersion = 10.0.40219.1
Project("{FAE04EC0-301F-11D3-BF4B-00C04F79EFBC}") = "POOProject", "POOProject\POOProject.csproj", "{3E9D2CFE-F6DE-4684-AEC3-AB9EF4AFED6E}"
EndProject
Project("{FAE04EC0-301F-11D3-BF4B-00C04F79EFBC}") = "UserInterface_WindowsForms", "UserInterface_WindowsForms\UserInterface_WindowsForms.csproj", "{AED62B49-C55B-4021-98D1-1404D96726CE}"
EndProject
Global
	GlobalSection(SolutionConfigurationPlatforms) = preSolution
		Debug|Any CPU = Debug|Any CPU
		Release|Any CPU = Release|Any CPU
	EndGlobalSection
	GlobalSection(ProjectConfigurationPlatforms) = postSolution
		{3E9D2CFE-F6DE-4684-AEC3-AB9EF4AFED6E}.Debug|Any CPU.ActiveCfg = Debug|Any CPU
		{3E9D2CFE-F6DE-4684-AEC3-AB9EF4AFED6E}.Debug|Any CPU.Build.0 = Debug|Any CPU
		{3E9D2CFE-F6DE-4684-AEC3-AB9EF4AFED6E}.Release|Any CPU.ActiveCfg = Release|Any CPU
		{3E9D2CFE-F6DE-4684-AEC3-AB9EF4AFED6E}.Release|Any CPU.Build.0 = Release|Any CPU
		{AED62B49-C55B-4021-98D1-1404D96726CE}.Debug|Any CPU.ActiveCfg = Debug|Any CPU
		{AED62B49-C55B-4021-98D1-1404D96726CE}.Debug|Any CPU.Build.0 = Debug|Any CPU
		{AED62B49-C55B-4021-98D1-1404D96726CE}.Release|Any CPU.ActiveCfg = Release|Any CPU
		{AED62B49-C55B-4021-98D1-1404D96726CE}.Release|Any CPU.Build.0 = Release|Any CPU
	EndGlobalSection
	GlobalSection(SolutionProperties) = preSolution
		HideSolutionNode = FALSE
	EndGlobalSection
	GlobalSection(ExtensibilityGlobals) = postSolution
		SolutionGuid = {021A276A-4A46-4089-B3B1-4676913C0D84}
	EndGlobalSection
EndGlobal
